PODS:
  - Bytedance-UnionAD (2.9.5.6)
  - Flutter (1.0.0)
  - pangolin (0.0.1):
    - Bytedance-UnionAD
    - Flutter
  - "permission_handler (5.0.1+1)":
    - Flutter

DEPENDENCIES:
  - Flutter (from `Flutter`)
  - pangolin (from `.symlinks/plugins/pangolin/ios`)
  - permission_handler (from `.symlinks/plugins/permission_handler/ios`)

SPEC REPOS:
  trunk:
    - Bytedance-UnionAD

EXTERNAL SOURCES:
  Flutter:
    :path: Flutter
  pangolin:
    :path: ".symlinks/plugins/pangolin/ios"
  permission_handler:
    :path: ".symlinks/plugins/permission_handler/ios"

SPEC CHECKSUMS:
  Bytedance-UnionAD: c416fab8b06ccb24e4f73baa453cda2548ca8320
  Flutter: 0e3d915762c693b495b44d77113d4970485de6ec
  pangolin: 7bef05eb068f0f73057c994a98c5b81fd772a0dd
  permission_handler: eac8e15b4a1a3fba55b761d19f3f4e6b005d15b6

PODFILE CHECKSUM: 8e679eca47255a8ca8067c4c67aab20e64cb974d

COCOAPODS: 1.9.2
